
Microsoft Visual Studio Solution File, Format Version 12.00
# Visual Studio Version 17
VisualStudioVersion = 17.14.36414.22 d17.14
MinimumVisualStudioVersion = 10.0.40219.1
Project("{FAE04EC0-301F-11D3-BF4B-00C04F79EFBC}") = "AI-Integrations", "AI-Integrations\AI-Integrations.csproj", "{8B78FD33-75C1-4B3E-8B10-5E87D9AEFC93}"
EndProject
Global
	GlobalSection(SolutionConfigurationPlatforms) = preSolution
		Debug|Any CPU = Debug|Any CPU
		Release|Any CPU = Release|Any CPU
	EndGlobalSection
	GlobalSection(ProjectConfigurationPlatforms) = postSolution
		{8B78FD33-75C1-4B3E-8B10-5E87D9AEFC93}.Debug|Any CPU.ActiveCfg = Debug|Any CPU
		{8B78FD33-75C1-4B3E-8B10-5E87D9AEFC93}.Debug|Any CPU.Build.0 = Debug|Any CPU
		{8B78FD33-75C1-4B3E-8B10-5E87D9AEFC93}.Release|Any CPU.ActiveCfg = Release|Any CPU
		{8B78FD33-75C1-4B3E-8B10-5E87D9AEFC93}.Release|Any CPU.Build.0 = Release|Any CPU
	EndGlobalSection
	GlobalSection(SolutionProperties) = preSolution
		HideSolutionNode = FALSE
	EndGlobalSection
	GlobalSection(ExtensibilityGlobals) = postSolution
		SolutionGuid = {C7AE7EBD-5FA4-41BF-AA32-12D4CF649828}
	EndGlobalSection
EndGlobal
